// !$*UTF8*$!
{
	archiveVersion = 1;
	classes = {
	};
	objectVersion = 50;
	objects = {

/* Begin PBXBuildFile section */
		5FB25C4CA5D3EBDDCD1D5F1F /* Pods_salero_native.framework in Frameworks */ = {isa = PBXBuildFile; fileRef = 9DDF90982272A2F54CFD44D9 /* Pods_salero_native.framework */; };
		A541C65920EDEE61000332B7 /* RootTab.swift in Sources */ = {isa = PBXBuildFile; fileRef = A541C65820EDEE61000332B7 /* RootTab.swift */; };
		A541C65C20EDF013000332B7 /* ProductModel.swift in Sources */ = {isa = PBXBuildFile; fileRef = A541C65B20EDF013000332B7 /* ProductModel.swift */; };
		A541C65F20EDF19A000332B7 /* Menu.swift in Sources */ = {isa = PBXBuildFile; fileRef = A541C65E20EDF19A000332B7 /* Menu.swift */; };
		A55DDEEB20E253C7002D50F3 /* AppDelegate.swift in Sources */ = {isa = PBXBuildFile; fileRef = A55DDEEA20E253C7002D50F3 /* AppDelegate.swift */; };
		A55DDEED20E253C7002D50F3 /* ViewController.swift in Sources */ = {isa = PBXBuildFile; fileRef = A55DDEEC20E253C7002D50F3 /* ViewController.swift */; };
		A55DDEF020E253C7002D50F3 /* Main.storyboard in Resources */ = {isa = PBXBuildFile; fileRef = A55DDEEE20E253C7002D50F3 /* Main.storyboard */; };
		A55DDEF220E253C7002D50F3 /* Assets.xcassets in Resources */ = {isa = PBXBuildFile; fileRef = A55DDEF120E253C7002D50F3 /* Assets.xcassets */; };
		A55DDEF520E253C7002D50F3 /* LaunchScreen.storyboard in Resources */ = {isa = PBXBuildFile; fileRef = A55DDEF320E253C7002D50F3 /* LaunchScreen.storyboard */; };
		A55DDEFE20E2565D002D50F3 /* Login.swift in Sources */ = {isa = PBXBuildFile; fileRef = A55DDEFD20E2565D002D50F3 /* Login.swift */; };
		A5681A4920EC9DA700C48299 /* Register.swift in Sources */ = {isa = PBXBuildFile; fileRef = A5681A4820EC9DA700C48299 /* Register.swift */; };
/* End PBXBuildFile section */

/* Begin PBXFileReference section */
		08E7022229497648000FA000 /* Pods-salero-native.debug.xcconfig */ = {isa = PBXFileReference; includeInIndex = 1; lastKnownFileType = text.xcconfig; name = "Pods-salero-native.debug.xcconfig"; path = "Pods/Target Support Files/Pods-salero-native/Pods-salero-native.debug.xcconfig"; sourceTree = "<group>"; };
		9DDF90982272A2F54CFD44D9 /* Pods_salero_native.framework */ = {isa = PBXFileReference; explicitFileType = wrapper.framework; includeInIndex = 0; path = Pods_salero_native.framework; sourceTree = BUILT_PRODUCTS_DIR; };
		9FB66C18A094C32FAE4577F5 /* Pods-salero-native.release.xcconfig */ = {isa = PBXFileReference; includeInIndex = 1; lastKnownFileType = text.xcconfig; name = "Pods-salero-native.release.xcconfig"; path = "Pods/Target Support Files/Pods-salero-native/Pods-salero-native.release.xcconfig"; sourceTree = "<group>"; };
		A541C65820EDEE61000332B7 /* RootTab.swift */ = {isa = PBXFileReference; lastKnownFileType = sourcecode.swift; path = RootTab.swift; sourceTree = "<group>"; };
		A541C65B20EDF013000332B7 /* ProductModel.swift */ = {isa = PBXFileReference; lastKnownFileType = sourcecode.swift; path = ProductModel.swift; sourceTree = "<group>"; };
		A541C65E20EDF19A000332B7 /* Menu.swift */ = {isa = PBXFileReference; lastKnownFileType = sourcecode.swift; path = Menu.swift; sourceTree = "<group>"; };
		A55DDEE720E253C7002D50F3 /* salero-native.app */ = {isa = PBXFileReference; explicitFileType = wrapper.application; includeInIndex = 0; path = "salero-native.app"; sourceTree = BUILT_PRODUCTS_DIR; };
		A55DDEEA20E253C7002D50F3 /* AppDelegate.swift */ = {isa = PBXFileReference; lastKnownFileType = sourcecode.swift; path = AppDelegate.swift; sourceTree = "<group>"; };
		A55DDEEC20E253C7002D50F3 /* ViewController.swift */ = {isa = PBXFileReference; lastKnownFileType = sourcecode.swift; path = ViewController.swift; sourceTree = "<group>"; };
		A55DDEEF20E253C7002D50F3 /* Base */ = {isa = PBXFileReference; lastKnownFileType = file.storyboard; name = Base; path = Base.lproj/Main.storyboard; sourceTree = "<group>"; };
		A55DDEF120E253C7002D50F3 /* Assets.xcassets */ = {isa = PBXFileReference; lastKnownFileType = folder.assetcatalog; path = Assets.xcassets; sourceTree = "<group>"; };
		A55DDEF420E253C7002D50F3 /* Base */ = {isa = PBXFileReference; lastKnownFileType = file.storyboard; name = Base; path = Base.lproj/LaunchScreen.storyboard; sourceTree = "<group>"; };
		A55DDEF620E253C7002D50F3 /* Info.plist */ = {isa = PBXFileReference; lastKnownFileType = text.plist.xml; path = Info.plist; sourceTree = "<group>"; };
		A55DDEFD20E2565D002D50F3 /* Login.swift */ = {isa = PBXFileReference; lastKnownFileType = sourcecode.swift; path = Login.swift; sourceTree = "<group>"; };
		A5681A4820EC9DA700C48299 /* Register.swift */ = {isa = PBXFileReference; lastKnownFileType = sourcecode.swift; path = Register.swift; sourceTree = "<group>"; };
/* End PBXFileReference section */

/* Begin PBXFrameworksBuildPhase section */
		A55DDEE420E253C7002D50F3 /* Frameworks */ = {
			isa = PBXFrameworksBuildPhase;
			buildActionMask = 2147483647;
			files = (
				5FB25C4CA5D3EBDDCD1D5F1F /* Pods_salero_native.framework in Frameworks */,
			);
			runOnlyForDeploymentPostprocessing = 0;
		};
/* End PBXFrameworksBuildPhase section */

/* Begin PBXGroup section */
		9017F623AB7125EC3C96B7CC /* Frameworks */ = {
			isa = PBXGroup;
			children = (
				9DDF90982272A2F54CFD44D9 /* Pods_salero_native.framework */,
			);
			name = Frameworks;
			sourceTree = "<group>";
		};
		A541C65A20EDEFFE000332B7 /* Model */ = {
			isa = PBXGroup;
			children = (
				A541C65B20EDF013000332B7 /* ProductModel.swift */,
			);
			path = Model;
			sourceTree = "<group>";
		};
		A541C65D20EDF177000332B7 /* Root tab */ = {
			isa = PBXGroup;
			children = (
				A541C65820EDEE61000332B7 /* RootTab.swift */,
				A541C65E20EDF19A000332B7 /* Menu.swift */,
			);
			path = "Root tab";
			sourceTree = "<group>";
		};
		A55DDEDE20E253C7002D50F3 = {
			isa = PBXGroup;
			children = (
				A55DDEE920E253C7002D50F3 /* salero-native */,
				A55DDEE820E253C7002D50F3 /* Products */,
				D9E859B829B11463385D9576 /* Pods */,
				9017F623AB7125EC3C96B7CC /* Frameworks */,
			);
			sourceTree = "<group>";
		};
		A55DDEE820E253C7002D50F3 /* Products */ = {
			isa = PBXGroup;
			children = (
				A55DDEE720E253C7002D50F3 /* salero-native.app */,
			);
			name = Products;
			sourceTree = "<group>";
		};
		A55DDEE920E253C7002D50F3 /* salero-native */ = {
			isa = PBXGroup;
			children = (
				A541C65A20EDEFFE000332B7 /* Model */,
				A55DDEFC20E253F7002D50F3 /* View */,
				A55DDEEA20E253C7002D50F3 /* AppDelegate.swift */,
				A55DDEEC20E253C7002D50F3 /* ViewController.swift */,
				A55DDEEE20E253C7002D50F3 /* Main.storyboard */,
				A55DDEF120E253C7002D50F3 /* Assets.xcassets */,
				A55DDEF320E253C7002D50F3 /* LaunchScreen.storyboard */,
				A55DDEF620E253C7002D50F3 /* Info.plist */,
			);
			path = "salero-native";
			sourceTree = "<group>";
		};
		A55DDEFC20E253F7002D50F3 /* View */ = {
			isa = PBXGroup;
			children = (
				A541C65D20EDF177000332B7 /* Root tab */,
				A55DDEFD20E2565D002D50F3 /* Login.swift */,
				A5681A4820EC9DA700C48299 /* Register.swift */,
			);
			path = View;
			sourceTree = "<group>";
		};
		D9E859B829B11463385D9576 /* Pods */ = {
			isa = PBXGroup;
			children = (
				08E7022229497648000FA000 /* Pods-salero-native.debug.xcconfig */,
				9FB66C18A094C32FAE4577F5 /* Pods-salero-native.release.xcconfig */,
			);
			name = Pods;
			sourceTree = "<group>";
		};
/* End PBXGroup section */

/* Begin PBXNativeTarget section */
		A55DDEE620E253C7002D50F3 /* salero-native */ = {
			isa = PBXNativeTarget;
			buildConfigurationList = A55DDEF920E253C7002D50F3 /* Build configuration list for PBXNativeTarget "salero-native" */;
			buildPhases = (
				4662BE61E6A2DC5F6BE6A589 /* [CP] Check Pods Manifest.lock */,
				A55DDEE320E253C7002D50F3 /* Sources */,
				A55DDEE420E253C7002D50F3 /* Frameworks */,
				A55DDEE520E253C7002D50F3 /* Resources */,
				21ECC4927721FC8D52157D4C /* [CP] Embed Pods Frameworks */,
			);
			buildRules = (
			);
			dependencies = (
			);
			name = "salero-native";
			productName = "salero-native";
			productReference = A55DDEE720E253C7002D50F3 /* salero-native.app */;
			productType = "com.apple.product-type.application";
		};
/* End PBXNativeTarget section */

/* Begin PBXProject section */
		A55DDEDF20E253C7002D50F3 /* Project object */ = {
			isa = PBXProject;
			attributes = {
				LastSwiftUpdateCheck = 0940;
				LastUpgradeCheck = 0940;
				ORGANIZATIONNAME = Ignitech;
				TargetAttributes = {
					A55DDEE620E253C7002D50F3 = {
						CreatedOnToolsVersion = 9.4.1;
					};
				};
			};
			buildConfigurationList = A55DDEE220E253C7002D50F3 /* Build configuration list for PBXProject "salero-native" */;
			compatibilityVersion = "Xcode 9.3";
			developmentRegion = en;
			hasScannedForEncodings = 0;
			knownRegions = (
				en,
				Base,
			);
			mainGroup = A55DDEDE20E253C7002D50F3;
			productRefGroup = A55DDEE820E253C7002D50F3 /* Products */;
			projectDirPath = "";
			projectRoot = "";
			targets = (
				A55DDEE620E253C7002D50F3 /* salero-native */,
			);
		};
/* End PBXProject section */

/* Begin PBXResourcesBuildPhase section */
		A55DDEE520E253C7002D50F3 /* Resources */ = {
			isa = PBXResourcesBuildPhase;
			buildActionMask = 2147483647;
			files = (
				A55DDEF520E253C7002D50F3 /* LaunchScreen.storyboard in Resources */,
				A55DDEF220E253C7002D50F3 /* Assets.xcassets in Resources */,
				A55DDEF020E253C7002D50F3 /* Main.storyboard in Resources */,
			);
			runOnlyForDeploymentPostprocessing = 0;
		};
/* End PBXResourcesBuildPhase section */

/* Begin PBXShellScriptBuildPhase section */
		21ECC4927721FC8D52157D4C /* [CP] Embed Pods Frameworks */ = {
			isa = PBXShellScriptBuildPhase;
			buildActionMask = 2147483647;
			files = (
			);
			inputPaths = (
				"${SRCROOT}/Pods/Target Support Files/Pods-salero-native/Pods-salero-native-frameworks.sh",
				"${BUILT_PRODUCTS_DIR}/IQKeyboardManagerSwift/IQKeyboardManagerSwift.framework",
			);
			name = "[CP] Embed Pods Frameworks";
			outputPaths = (
				"${TARGET_BUILD_DIR}/${FRAMEWORKS_FOLDER_PATH}/IQKeyboardManagerSwift.framework",
			);
			runOnlyForDeploymentPostprocessing = 0;
			shellPath = /bin/sh;
			shellScript = "\"${SRCROOT}/Pods/Target Support Files/Pods-salero-native/Pods-salero-native-frameworks.sh\"\n";
			showEnvVarsInLog = 0;
		};
		4662BE61E6A2DC5F6BE6A589 /* [CP] Check Pods Manifest.lock */ = {
			isa = PBXShellScriptBuildPhase;
			buildActionMask = 2147483647;
			files = (
			);
			inputPaths = (
				"${PODS_PODFILE_DIR_PATH}/Podfile.lock",
				"${PODS_ROOT}/Manifest.lock",
			);
			name = "[CP] Check Pods Manifest.lock";
			outputPaths = (
				"$(DERIVED_FILE_DIR)/Pods-salero-native-checkManifestLockResult.txt",
			);
			runOnlyForDeploymentPostprocessing = 0;
			shellPath = /bin/sh;
			shellScript = "diff \"${PODS_PODFILE_DIR_PATH}/Podfile.lock\" \"${PODS_ROOT}/Manifest.lock\" > /dev/null\nif [ $? != 0 ] ; then\n    # print error to STDERR\n    echo \"error: The sandbox is not in sync with the Podfile.lock. Run 'pod install' or update your CocoaPods installation.\" >&2\n    exit 1\nfi\n# This output is used by Xcode 'outputs' to avoid re-running this script phase.\necho \"SUCCESS\" > \"${SCRIPT_OUTPUT_FILE_0}\"\n";
			showEnvVarsInLog = 0;
		};
/* End PBXShellScriptBuildPhase section */

/* Begin PBXSourcesBuildPhase section */
		A55DDEE320E253C7002D50F3 /* Sources */ = {
			isa = PBXSourcesBuildPhase;
			buildActionMask = 2147483647;
			files = (
				A55DDEFE20E2565D002D50F3 /* Login.swift in Sources */,
				A541C65C20EDF013000332B7 /* ProductModel.swift in Sources */,
				A541C65F20EDF19A000332B7 /* Menu.swift in Sources */,
				A55DDEED20E253C7002D50F3 /* ViewController.swift in Sources */,
				A5681A4920EC9DA700C48299 /* Register.swift in Sources */,
				A55DDEEB20E253C7002D50F3 /* AppDelegate.swift in Sources */,
				A541C65920EDEE61000332B7 /* RootTab.swift in Sources */,
			);
			runOnlyForDeploymentPostprocessing = 0;
		};
/* End PBXSourcesBuildPhase section */

/* Begin PBXVariantGroup section */
		A55DDEEE20E253C7002D50F3 /* Main.storyboard */ = {
			isa = PBXVariantGroup;
			children = (
				A55DDEEF20E253C7002D50F3 /* Base */,
			);
			name = Main.storyboard;
			sourceTree = "<group>";
		};
		A55DDEF320E253C7002D50F3 /* LaunchScreen.storyboard */ = {
			isa = PBXVariantGroup;
			children = (
				A55DDEF420E253C7002D50F3 /* Base */,
			);
			name = LaunchScreen.storyboard;
			sourceTree = "<group>";
		};
/* End PBXVariantGroup section */

/* Begin XCBuildConfiguration section */
		A55DDEF720E253C7002D50F3 /* Debug */ = {
			isa = XCBuildConfiguration;
			buildSettings = {
				ALWAYS_SEARCH_USER_PATHS = NO;
				CLANG_ANALYZER_NONNULL = YES;
				CLANG_ANALYZER_NUMBER_OBJECT_CONVERSION = YES_AGGRESSIVE;
				CLANG_CXX_LANGUAGE_STANDARD = "gnu++14";
				CLANG_CXX_LIBRARY = "libc++";
				CLANG_ENABLE_MODULES = YES;
				CLANG_ENABLE_OBJC_ARC = YES;
				CLANG_ENABLE_OBJC_WEAK = YES;
				CLANG_WARN_BLOCK_CAPTURE_AUTORELEASING = YES;
				CLANG_WARN_BOOL_CONVERSION = YES;
				CLANG_WARN_COMMA = YES;
				CLANG_WARN_CONSTANT_CONVERSION = YES;
				CLANG_WARN_DEPRECATED_OBJC_IMPLEMENTATIONS = YES;
				CLANG_WARN_DIRECT_OBJC_ISA_USAGE = YES_ERROR;
				CLANG_WARN_DOCUMENTATION_COMMENTS = YES;
				CLANG_WARN_EMPTY_BODY = YES;
				CLANG_WARN_ENUM_CONVERSION = YES;
				CLANG_WARN_INFINITE_RECURSION = YES;
				CLANG_WARN_INT_CONVERSION = YES;
				CLANG_WARN_NON_LITERAL_NULL_CONVERSION = YES;
				CLANG_WARN_OBJC_IMPLICIT_RETAIN_SELF = YES;
				CLANG_WARN_OBJC_LITERAL_CONVERSION = YES;
				CLANG_WARN_OBJC_ROOT_CLASS = YES_ERROR;
				CLANG_WARN_RANGE_LOOP_ANALYSIS = YES;
				CLANG_WARN_STRICT_PROTOTYPES = YES;
				CLANG_WARN_SUSPICIOUS_MOVE = YES;
				CLANG_WARN_UNGUARDED_AVAILABILITY = YES_AGGRESSIVE;
				CLANG_WARN_UNREACHABLE_CODE = YES;
				CLANG_WARN__DUPLICATE_METHOD_MATCH = YES;
				CODE_SIGN_IDENTITY = "iPhone Developer";
				COPY_PHASE_STRIP = NO;
				DEBUG_INFORMATION_FORMAT = dwarf;
				ENABLE_STRICT_OBJC_MSGSEND = YES;
				ENABLE_TESTABILITY = YES;
				GCC_C_LANGUAGE_STANDARD = gnu11;
				GCC_DYNAMIC_NO_PIC = NO;
				GCC_NO_COMMON_BLOCKS = YES;
				GCC_OPTIMIZATION_LEVEL = 0;
				GCC_PREPROCESSOR_DEFINITIONS = (
					"DEBUG=1",
					"$(inherited)",
				);
				GCC_WARN_64_TO_32_BIT_CONVERSION = YES;
				GCC_WARN_ABOUT_RETURN_TYPE = YES_ERROR;
				GCC_WARN_UNDECLARED_SELECTOR = YES;
				GCC_WARN_UNINITIALIZED_AUTOS = YES_AGGRESSIVE;
				GCC_WARN_UNUSED_FUNCTION = YES;
				GCC_WARN_UNUSED_VARIABLE = YES;
				IPHONEOS_DEPLOYMENT_TARGET = 11.4;
				MTL_ENABLE_DEBUG_INFO = YES;
				ONLY_ACTIVE_ARCH = YES;
				SDKROOT = iphoneos;
				SWIFT_ACTIVE_COMPILATION_CONDITIONS = DEBUG;
				SWIFT_OPTIMIZATION_LEVEL = "-Onone";
			};
			name = Debug;
		};
		A55DDEF820E253C7002D50F3 /* Release */ = {
			isa = XCBuildConfiguration;
			buildSettings = {
				ALWAYS_SEARCH_USER_PATHS = NO;
				CLANG_ANALYZER_NONNULL = YES;
				CLANG_ANALYZER_NUMBER_OBJECT_CONVERSION = YES_AGGRESSIVE;
				CLANG_CXX_LANGUAGE_STANDARD = "gnu++14";
				CLANG_CXX_LIBRARY = "libc++";
				CLANG_ENABLE_MODULES = YES;
				CLANG_ENABLE_OBJC_ARC = YES;
				CLANG_ENABLE_OBJC_WEAK = YES;
				CLANG_WARN_BLOCK_CAPTURE_AUTORELEASING = YES;
				CLANG_WARN_BOOL_CONVERSION = YES;
				CLANG_WARN_COMMA = YES;
				CLANG_WARN_CONSTANT_CONVERSION = YES;
				CLANG_WARN_DEPRECATED_OBJC_IMPLEMENTATIONS = YES;
				CLANG_WARN_DIRECT_OBJC_ISA_USAGE = YES_ERROR;
				CLANG_WARN_DOCUMENTATION_COMMENTS = YES;
				CLANG_WARN_EMPTY_BODY = YES;
				CLANG_WARN_ENUM_CONVERSION = YES;
				CLANG_WARN_INFINITE_RECURSION = YES;
				CLANG_WARN_INT_CONVERSION = YES;
				CLANG_WARN_NON_LITERAL_NULL_CONVERSION = YES;
				CLANG_WARN_OBJC_IMPLICIT_RETAIN_SELF = YES;
				CLANG_WARN_OBJC_LITERAL_CONVERSION = YES;
				CLANG_WARN_OBJC_ROOT_CLASS = YES_ERROR;
				CLANG_WARN_RANGE_LOOP_ANALYSIS = YES;
				CLANG_WARN_STRICT_PROTOTYPES = YES;
				CLANG_WARN_SUSPICIOUS_MOVE = YES;
				CLANG_WARN_UNGUARDED_AVAILABILITY = YES_AGGRESSIVE;
				CLANG_WARN_UNREACHABLE_CODE = YES;
				CLANG_WARN__DUPLICATE_METHOD_MATCH = YES;
				CODE_SIGN_IDENTITY = "iPhone Developer";
				COPY_PHASE_STRIP = NO;
				DEBUG_INFORMATION_FORMAT = "dwarf-with-dsym";
				ENABLE_NS_ASSERTIONS = NO;
				ENABLE_STRICT_OBJC_MSGSEND = YES;
				GCC_C_LANGUAGE_STANDARD = gnu11;
				GCC_NO_COMMON_BLOCKS = YES;
				GCC_WARN_64_TO_32_BIT_CONVERSION = YES;
				GCC_WARN_ABOUT_RETURN_TYPE = YES_ERROR;
				GCC_WARN_UNDECLARED_SELECTOR = YES;
				GCC_WARN_UNINITIALIZED_AUTOS = YES_AGGRESSIVE;
				GCC_WARN_UNUSED_FUNCTION = YES;
				GCC_WARN_UNUSED_VARIABLE = YES;
				IPHONEOS_DEPLOYMENT_TARGET = 11.4;
				MTL_ENABLE_DEBUG_INFO = NO;
				SDKROOT = iphoneos;
				SWIFT_COMPILATION_MODE = wholemodule;
				SWIFT_OPTIMIZATION_LEVEL = "-O";
				VALIDATE_PRODUCT = YES;
			};
			name = Release;
		};
		A55DDEFA20E253C7002D50F3 /* Debug */ = {
			isa = XCBuildConfiguration;
			baseConfigurationReference = 08E7022229497648000FA000 /* Pods-salero-native.debug.xcconfig */;
			buildSettings = {
				ASSETCATALOG_COMPILER_APPICON_NAME = AppIcon;
				CODE_SIGN_STYLE = Automatic;
				DEVELOPMENT_TEAM = Q84PEBEXW4;
				INFOPLIST_FILE = "salero-native/Info.plist";
				LD_RUNPATH_SEARCH_PATHS = (
					"$(inherited)",
					"@executable_path/Frameworks",
				);
				PRODUCT_BUNDLE_IDENTIFIER = "id.ignitech.salero-native";
				PRODUCT_NAME = "$(TARGET_NAME)";
				SWIFT_VERSION = 4.0;
				TARGETED_DEVICE_FAMILY = "1,2";
			};
			name = Debug;
		};
		A55DDEFB20E253C7002D50F3 /* Release */ = {
			isa = XCBuildConfiguration;
			baseConfigurationReference = 9FB66C18A094C32FAE4577F5 /* Pods-salero-native.release.xcconfig */;
			buildSettings = {
				ASSETCATALOG_COMPILER_APPICON_NAME = AppIcon;
				CODE_SIGN_STYLE = Automatic;
				DEVELOPMENT_TEAM = Q84PEBEXW4;
				INFOPLIST_FILE = "salero-native/Info.plist";
				LD_RUNPATH_SEARCH_PATHS = (
					"$(inherited)",
					"@executable_path/Frameworks",
				);
				PRODUCT_BUNDLE_IDENTIFIER = "id.ignitech.salero-native";
				PRODUCT_NAME = "$(TARGET_NAME)";
				SWIFT_VERSION = 4.0;
				TARGETED_DEVICE_FAMILY = "1,2";
			};
			name = Release;
		};
/* End XCBuildConfiguration section */

/* Begin XCConfigurationList section */
		A55DDEE220E253C7002D50F3 /* Build configuration list for PBXProject "salero-native" */ = {
			isa = XCConfigurationList;
			buildConfigurations = (
				A55DDEF720E253C7002D50F3 /* Debug */,
				A55DDEF820E253C7002D50F3 /* Release */,
			);
			defaultConfigurationIsVisible = 0;
			defaultConfigurationName = Release;
		};
		A55DDEF920E253C7002D50F3 /* Build configuration list for PBXNativeTarget "salero-native" */ = {
			isa = XCConfigurationList;
			buildConfigurations = (
				A55DDEFA20E253C7002D50F3 /* Debug */,
				A55DDEFB20E253C7002D50F3 /* Release */,
			);
			defaultConfigurationIsVisible = 0;
			defaultConfigurationName = Release;
		};
/* End XCConfigurationList section */
	};
	rootObject = A55DDEDF20E253C7002D50F3 /* Project object */;
}
